// !$*UTF8*$!
{
	archiveVersion = 1;
	classes = {
	};
	objectVersion = 55;
	objects = {

/* Begin PBXBuildFile section */
		0C510C72285089BD008F0E5C /* AppDelegate.swift in Sources */ = {isa = PBXBuildFile; fileRef = 0C510C71285089BD008F0E5C /* AppDelegate.swift */; };
		0C510C74285089BD008F0E5C /* SceneDelegate.swift in Sources */ = {isa = PBXBuildFile; fileRef = 0C510C73285089BD008F0E5C /* SceneDelegate.swift */; };
		0C510C7B285089BF008F0E5C /* Assets.xcassets in Resources */ = {isa = PBXBuildFile; fileRef = 0C510C7A285089BF008F0E5C /* Assets.xcassets */; };
		0C510C7E285089BF008F0E5C /* LaunchScreen.storyboard in Resources */ = {isa = PBXBuildFile; fileRef = 0C510C7C285089BF008F0E5C /* LaunchScreen.storyboard */; };
		0C510CA22851DD86008F0E5C /* Environment.swift in Sources */ = {isa = PBXBuildFile; fileRef = 0C510CA12851DD86008F0E5C /* Environment.swift */; };
		0C510CA42851DE49008F0E5C /* Secrets.plist in Resources */ = {isa = PBXBuildFile; fileRef = 0C510CA32851DE49008F0E5C /* Secrets.plist */; };
		0C510CA82851E1AE008F0E5C /* AblyAssetTrackingSubscriber in Frameworks */ = {isa = PBXBuildFile; productRef = 0C510CA72851E1AE008F0E5C /* AblyAssetTrackingSubscriber */; };
		0C510CAB2851E306008F0E5C /* AATService.swift in Sources */ = {isa = PBXBuildFile; fileRef = 0C510CAA2851E306008F0E5C /* AATService.swift */; };
		0C510CB0285208A2008F0E5C /* .swiftlint.yml in Resources */ = {isa = PBXBuildFile; fileRef = 0C510CAF285208A2008F0E5C /* .swiftlint.yml */; };
		21784C42286DE003003E5FB0 /* LocationUpdateHistoryInteractor.swift in Sources */ = {isa = PBXBuildFile; fileRef = 21784C41286DE003003E5FB0 /* LocationUpdateHistoryInteractor.swift */; };
		218C58C428B3919D002A77AD /* SignInViewController.swift in Sources */ = {isa = PBXBuildFile; fileRef = 218C58C328B3919D002A77AD /* SignInViewController.swift */; };
		218C58C628B391AA002A77AD /* SignIn.storyboard in Resources */ = {isa = PBXBuildFile; fileRef = 218C58C528B391AA002A77AD /* SignIn.storyboard */; };
		21B282AB28BCBB0A00278533 /* SignInPresenter.swift in Sources */ = {isa = PBXBuildFile; fileRef = 21B282AA28BCBB0A00278533 /* SignInPresenter.swift */; };
		21B282AD28BCBB5500278533 /* Request.swift in Sources */ = {isa = PBXBuildFile; fileRef = 21B282AC28BCBB5500278533 /* Request.swift */; };
		21B282AF28BCBB6A00278533 /* Response.swift in Sources */ = {isa = PBXBuildFile; fileRef = 21B282AE28BCBB6A00278533 /* Response.swift */; };
		21B282B128BCBB8200278533 /* NetworkError.swift in Sources */ = {isa = PBXBuildFile; fileRef = 21B282B028BCBB8200278533 /* NetworkError.swift */; };
		21B282B428BCC60100278533 /* MemoryStorage.swift in Sources */ = {isa = PBXBuildFile; fileRef = 21B282B328BCC60100278533 /* MemoryStorage.swift */; };
		21B282B628BCD0A000278533 /* ActivityIndicating.swift in Sources */ = {isa = PBXBuildFile; fileRef = 21B282B528BCD0A000278533 /* ActivityIndicating.swift */; };
		21B282B928BCD10B00278533 /* ActivityIndicatorView.swift in Sources */ = {isa = PBXBuildFile; fileRef = 21B282B828BCD10B00278533 /* ActivityIndicatorView.swift */; };
		21B282BB28BCD1BE00278533 /* UIView.swift in Sources */ = {isa = PBXBuildFile; fileRef = 21B282BA28BCD1BE00278533 /* UIView.swift */; };
		21B282BF28BCE47900278533 /* OrderResponse.swift in Sources */ = {isa = PBXBuildFile; fileRef = 21B282BE28BCE47900278533 /* OrderResponse.swift */; };
		21B282C128BCF79A00278533 /* Method.swift in Sources */ = {isa = PBXBuildFile; fileRef = 21B282C028BCF79A00278533 /* Method.swift */; };
		21B282C328BCFA9A00278533 /* Accuracy.swift in Sources */ = {isa = PBXBuildFile; fileRef = 21B282C228BCFA9A00278533 /* Accuracy.swift */; };
		21EB5D30287858F200669D45 /* KeyboardObserver.swift in Sources */ = {isa = PBXBuildFile; fileRef = 21EB5D2F287858F200669D45 /* KeyboardObserver.swift */; };
		21ECADC028630399008D946D /* Setup.storyboard in Resources */ = {isa = PBXBuildFile; fileRef = 21ECADBC28630399008D946D /* Setup.storyboard */; };
		21ECADC128630399008D946D /* SetupViewController.swift in Sources */ = {isa = PBXBuildFile; fileRef = 21ECADBE28630399008D946D /* SetupViewController.swift */; };
		21ECADC228630399008D946D /* SetupPresenter.swift in Sources */ = {isa = PBXBuildFile; fileRef = 21ECADBF28630399008D946D /* SetupPresenter.swift */; };
		21ECADC528630541008D946D /* DeliveryStatusViewController.swift in Sources */ = {isa = PBXBuildFile; fileRef = 21ECADC428630541008D946D /* DeliveryStatusViewController.swift */; };
		21ECADC828630C97008D946D /* DeliveryStatus.storyboard in Resources */ = {isa = PBXBuildFile; fileRef = 21ECADC628630C97008D946D /* DeliveryStatus.storyboard */; };
		21ECADC928630C97008D946D /* DeliveryStatusViewModel.swift in Sources */ = {isa = PBXBuildFile; fileRef = 21ECADC728630C97008D946D /* DeliveryStatusViewModel.swift */; };
		21ECADCC2863419F008D946D /* MapKit.framework in Frameworks */ = {isa = PBXBuildFile; fileRef = 21ECADCB2863419F008D946D /* MapKit.framework */; };
/* End PBXBuildFile section */

/* Begin PBXFileReference section */
		0C510C6E285089BD008F0E5C /* Customer Demo.app */ = {isa = PBXFileReference; explicitFileType = wrapper.application; includeInIndex = 0; path = "Customer Demo.app"; sourceTree = BUILT_PRODUCTS_DIR; };
		0C510C71285089BD008F0E5C /* AppDelegate.swift */ = {isa = PBXFileReference; lastKnownFileType = sourcecode.swift; path = AppDelegate.swift; sourceTree = "<group>"; };
		0C510C73285089BD008F0E5C /* SceneDelegate.swift */ = {isa = PBXFileReference; lastKnownFileType = sourcecode.swift; path = SceneDelegate.swift; sourceTree = "<group>"; };
		0C510C7A285089BF008F0E5C /* Assets.xcassets */ = {isa = PBXFileReference; lastKnownFileType = folder.assetcatalog; path = Assets.xcassets; sourceTree = "<group>"; };
		0C510C7D285089BF008F0E5C /* Base */ = {isa = PBXFileReference; lastKnownFileType = file.storyboard; name = Base; path = Base.lproj/LaunchScreen.storyboard; sourceTree = "<group>"; };
		0C510C7F285089BF008F0E5C /* Info.plist */ = {isa = PBXFileReference; lastKnownFileType = text.plist.xml; path = Info.plist; sourceTree = "<group>"; };
		0C510CA12851DD86008F0E5C /* Environment.swift */ = {isa = PBXFileReference; lastKnownFileType = sourcecode.swift; path = Environment.swift; sourceTree = "<group>"; };
		0C510CA32851DE49008F0E5C /* Secrets.plist */ = {isa = PBXFileReference; lastKnownFileType = text.plist.xml; path = Secrets.plist; sourceTree = "<group>"; };
		0C510CAA2851E306008F0E5C /* AATService.swift */ = {isa = PBXFileReference; lastKnownFileType = sourcecode.swift; path = AATService.swift; sourceTree = "<group>"; };
		0C510CAF285208A2008F0E5C /* .swiftlint.yml */ = {isa = PBXFileReference; fileEncoding = 4; lastKnownFileType = text.yaml; path = .swiftlint.yml; sourceTree = "<group>"; };
		21784C41286DE003003E5FB0 /* LocationUpdateHistoryInteractor.swift */ = {isa = PBXFileReference; lastKnownFileType = sourcecode.swift; path = LocationUpdateHistoryInteractor.swift; sourceTree = "<group>"; };
		218C58C328B3919D002A77AD /* SignInViewController.swift */ = {isa = PBXFileReference; lastKnownFileType = sourcecode.swift; path = SignInViewController.swift; sourceTree = "<group>"; };
		218C58C528B391AA002A77AD /* SignIn.storyboard */ = {isa = PBXFileReference; lastKnownFileType = file.storyboard; path = SignIn.storyboard; sourceTree = "<group>"; };
		21B282AA28BCBB0A00278533 /* SignInPresenter.swift */ = {isa = PBXFileReference; lastKnownFileType = sourcecode.swift; path = SignInPresenter.swift; sourceTree = "<group>"; };
		21B282AC28BCBB5500278533 /* Request.swift */ = {isa = PBXFileReference; lastKnownFileType = sourcecode.swift; path = Request.swift; sourceTree = "<group>"; };
		21B282AE28BCBB6A00278533 /* Response.swift */ = {isa = PBXFileReference; lastKnownFileType = sourcecode.swift; path = Response.swift; sourceTree = "<group>"; };
		21B282B028BCBB8200278533 /* NetworkError.swift */ = {isa = PBXFileReference; lastKnownFileType = sourcecode.swift; path = NetworkError.swift; sourceTree = "<group>"; };
		21B282B328BCC60100278533 /* MemoryStorage.swift */ = {isa = PBXFileReference; lastKnownFileType = sourcecode.swift; path = MemoryStorage.swift; sourceTree = "<group>"; };
		21B282B528BCD0A000278533 /* ActivityIndicating.swift */ = {isa = PBXFileReference; lastKnownFileType = sourcecode.swift; path = ActivityIndicating.swift; sourceTree = "<group>"; };
		21B282B828BCD10B00278533 /* ActivityIndicatorView.swift */ = {isa = PBXFileReference; lastKnownFileType = sourcecode.swift; path = ActivityIndicatorView.swift; sourceTree = "<group>"; };
		21B282BA28BCD1BE00278533 /* UIView.swift */ = {isa = PBXFileReference; lastKnownFileType = sourcecode.swift; path = UIView.swift; sourceTree = "<group>"; };
		21B282BE28BCE47900278533 /* OrderResponse.swift */ = {isa = PBXFileReference; lastKnownFileType = sourcecode.swift; path = OrderResponse.swift; sourceTree = "<group>"; };
		21B282C028BCF79A00278533 /* Method.swift */ = {isa = PBXFileReference; lastKnownFileType = sourcecode.swift; path = Method.swift; sourceTree = "<group>"; };
		21B282C228BCFA9A00278533 /* Accuracy.swift */ = {isa = PBXFileReference; lastKnownFileType = sourcecode.swift; path = Accuracy.swift; sourceTree = "<group>"; };
		21EB5D2F287858F200669D45 /* KeyboardObserver.swift */ = {isa = PBXFileReference; lastKnownFileType = sourcecode.swift; path = KeyboardObserver.swift; sourceTree = "<group>"; };
		21ECADBD28630399008D946D /* Base */ = {isa = PBXFileReference; lastKnownFileType = file.storyboard; name = Base; path = Base.lproj/Setup.storyboard; sourceTree = "<group>"; };
		21ECADBE28630399008D946D /* SetupViewController.swift */ = {isa = PBXFileReference; fileEncoding = 4; lastKnownFileType = sourcecode.swift; path = SetupViewController.swift; sourceTree = "<group>"; };
		21ECADBF28630399008D946D /* SetupPresenter.swift */ = {isa = PBXFileReference; fileEncoding = 4; lastKnownFileType = sourcecode.swift; path = SetupPresenter.swift; sourceTree = "<group>"; };
		21ECADC428630541008D946D /* DeliveryStatusViewController.swift */ = {isa = PBXFileReference; lastKnownFileType = sourcecode.swift; path = DeliveryStatusViewController.swift; sourceTree = "<group>"; };
		21ECADC628630C97008D946D /* DeliveryStatus.storyboard */ = {isa = PBXFileReference; fileEncoding = 4; lastKnownFileType = file.storyboard; path = DeliveryStatus.storyboard; sourceTree = "<group>"; };
		21ECADC728630C97008D946D /* DeliveryStatusViewModel.swift */ = {isa = PBXFileReference; fileEncoding = 4; lastKnownFileType = sourcecode.swift; path = DeliveryStatusViewModel.swift; sourceTree = "<group>"; };
		21ECADCB2863419F008D946D /* MapKit.framework */ = {isa = PBXFileReference; lastKnownFileType = wrapper.framework; name = MapKit.framework; path = System/Library/Frameworks/MapKit.framework; sourceTree = SDKROOT; };
/* End PBXFileReference section */

/* Begin PBXFrameworksBuildPhase section */
		0C510C6B285089BD008F0E5C /* Frameworks */ = {
			isa = PBXFrameworksBuildPhase;
			buildActionMask = 2147483647;
			files = (
				21ECADCC2863419F008D946D /* MapKit.framework in Frameworks */,
				0C510CA82851E1AE008F0E5C /* AblyAssetTrackingSubscriber in Frameworks */,
			);
			runOnlyForDeploymentPostprocessing = 0;
		};
/* End PBXFrameworksBuildPhase section */

/* Begin PBXGroup section */
		0C510C65285089BD008F0E5C = {
			isa = PBXGroup;
			children = (
				0C510C70285089BD008F0E5C /* Customer Demo */,
				0C510C6F285089BD008F0E5C /* Products */,
				21ECADCA2863419F008D946D /* Frameworks */,
			);
			sourceTree = "<group>";
		};
		0C510C6F285089BD008F0E5C /* Products */ = {
			isa = PBXGroup;
			children = (
				0C510C6E285089BD008F0E5C /* Customer Demo.app */,
			);
			name = Products;
			sourceTree = "<group>";
		};
		0C510C70285089BD008F0E5C /* Customer Demo */ = {
			isa = PBXGroup;
			children = (
				21EB5D31287858F900669D45 /* Common */,
				0C510CA92851E2F4008F0E5C /* Services */,
				0C510CA52851E091008F0E5C /* Screens */,
				0C510C71285089BD008F0E5C /* AppDelegate.swift */,
				0C510C73285089BD008F0E5C /* SceneDelegate.swift */,
				0C510C7A285089BF008F0E5C /* Assets.xcassets */,
				0C510C7C285089BF008F0E5C /* LaunchScreen.storyboard */,
				0C510C7F285089BF008F0E5C /* Info.plist */,
				0C510CA32851DE49008F0E5C /* Secrets.plist */,
				0C510CA12851DD86008F0E5C /* Environment.swift */,
				0C510CAF285208A2008F0E5C /* .swiftlint.yml */,
			);
			path = "Customer Demo";
			sourceTree = "<group>";
		};
		0C510CA52851E091008F0E5C /* Screens */ = {
			isa = PBXGroup;
			children = (
				218C58C228B39053002A77AD /* SignIn */,
				21ECADC328630504008D946D /* DeliveryStatus */,
				21ECADBB28630399008D946D /* Setup */,
			);
			path = Screens;
			sourceTree = "<group>";
		};
		0C510CA92851E2F4008F0E5C /* Services */ = {
			isa = PBXGroup;
			children = (
				21B282A928BCBAEA00278533 /* Network */,
				0C510CAA2851E306008F0E5C /* AATService.swift */,
				21B282B328BCC60100278533 /* MemoryStorage.swift */,
			);
			path = Services;
			sourceTree = "<group>";
		};
		218C58C228B39053002A77AD /* SignIn */ = {
			isa = PBXGroup;
			children = (
				218C58C328B3919D002A77AD /* SignInViewController.swift */,
				218C58C528B391AA002A77AD /* SignIn.storyboard */,
				21B282AA28BCBB0A00278533 /* SignInPresenter.swift */,
			);
			path = SignIn;
			sourceTree = "<group>";
		};
		21B282A928BCBAEA00278533 /* Network */ = {
			isa = PBXGroup;
			children = (
				21B282BD28BCE46E00278533 /* Responses */,
				21B282AC28BCBB5500278533 /* Request.swift */,
				21B282AE28BCBB6A00278533 /* Response.swift */,
				21B282B028BCBB8200278533 /* NetworkError.swift */,
				21B282C028BCF79A00278533 /* Method.swift */,
			);
			path = Network;
			sourceTree = "<group>";
		};
		21B282B728BCD10100278533 /* Views */ = {
			isa = PBXGroup;
			children = (
				21B282B828BCD10B00278533 /* ActivityIndicatorView.swift */,
			);
			path = Views;
			sourceTree = "<group>";
		};
		21B282BC28BCD84600278533 /* Extensions */ = {
			isa = PBXGroup;
			children = (
				21B282BA28BCD1BE00278533 /* UIView.swift */,
				21B282C228BCFA9A00278533 /* Accuracy.swift */,
			);
			path = Extensions;
			sourceTree = "<group>";
		};
		21B282BD28BCE46E00278533 /* Responses */ = {
			isa = PBXGroup;
			children = (
				21B282BE28BCE47900278533 /* OrderResponse.swift */,
			);
			path = Responses;
			sourceTree = "<group>";
		};
		21EB5D2E287858E900669D45 /* Protocols */ = {
			isa = PBXGroup;
			children = (
				21EB5D2F287858F200669D45 /* KeyboardObserver.swift */,
				21B282B528BCD0A000278533 /* ActivityIndicating.swift */,
			);
			path = Protocols;
			sourceTree = "<group>";
		};
		21EB5D31287858F900669D45 /* Common */ = {
			isa = PBXGroup;
			children = (
				21B282BC28BCD84600278533 /* Extensions */,
				21B282B728BCD10100278533 /* Views */,
				21EB5D2E287858E900669D45 /* Protocols */,
			);
			path = Common;
			sourceTree = "<group>";
		};
		21ECADBB28630399008D946D /* Setup */ = {
			isa = PBXGroup;
			children = (
				21ECADBC28630399008D946D /* Setup.storyboard */,
				21ECADBE28630399008D946D /* SetupViewController.swift */,
				21ECADBF28630399008D946D /* SetupPresenter.swift */,
			);
			path = Setup;
			sourceTree = "<group>";
		};
		21ECADC328630504008D946D /* DeliveryStatus */ = {
			isa = PBXGroup;
			children = (
				21ECADC628630C97008D946D /* DeliveryStatus.storyboard */,
				21ECADC728630C97008D946D /* DeliveryStatusViewModel.swift */,
				21ECADC428630541008D946D /* DeliveryStatusViewController.swift */,
				21784C41286DE003003E5FB0 /* LocationUpdateHistoryInteractor.swift */,
			);
			path = DeliveryStatus;
			sourceTree = "<group>";
		};
		21ECADCA2863419F008D946D /* Frameworks */ = {
			isa = PBXGroup;
			children = (
				21ECADCB2863419F008D946D /* MapKit.framework */,
			);
			name = Frameworks;
			sourceTree = "<group>";
		};
/* End PBXGroup section */

/* Begin PBXNativeTarget section */
		0C510C6D285089BD008F0E5C /* Customer Demo */ = {
			isa = PBXNativeTarget;
			buildConfigurationList = 0C510C98285089BF008F0E5C /* Build configuration list for PBXNativeTarget "Customer Demo" */;
			buildPhases = (
				0C510C6A285089BD008F0E5C /* Sources */,
				0C510C6B285089BD008F0E5C /* Frameworks */,
				0C510C6C285089BD008F0E5C /* Resources */,
				0C510CAC28520825008F0E5C /* SwiftLint */,
			);
			buildRules = (
			);
			dependencies = (
			);
			name = "Customer Demo";
			packageProductDependencies = (
				0C510CA72851E1AE008F0E5C /* AblyAssetTrackingSubscriber */,
			);
			productName = "Customer Demo";
			productReference = 0C510C6E285089BD008F0E5C /* Customer Demo.app */;
			productType = "com.apple.product-type.application";
		};
/* End PBXNativeTarget section */

/* Begin PBXProject section */
		0C510C66285089BD008F0E5C /* Project object */ = {
			isa = PBXProject;
			attributes = {
				BuildIndependentTargetsInParallel = 1;
				LastSwiftUpdateCheck = 1340;
				LastUpgradeCheck = 1340;
				TargetAttributes = {
					0C510C6D285089BD008F0E5C = {
						CreatedOnToolsVersion = 13.4;
					};
				};
			};
			buildConfigurationList = 0C510C69285089BD008F0E5C /* Build configuration list for PBXProject "Customer Demo" */;
			compatibilityVersion = "Xcode 13.0";
			developmentRegion = en;
			hasScannedForEncodings = 0;
			knownRegions = (
				en,
				Base,
			);
			mainGroup = 0C510C65285089BD008F0E5C;
			packageReferences = (
				0C510CA62851E1AE008F0E5C /* XCRemoteSwiftPackageReference "ably-asset-tracking-swift" */,
			);
			productRefGroup = 0C510C6F285089BD008F0E5C /* Products */;
			projectDirPath = "";
			projectRoot = "";
			targets = (
				0C510C6D285089BD008F0E5C /* Customer Demo */,
			);
		};
/* End PBXProject section */

/* Begin PBXResourcesBuildPhase section */
		0C510C6C285089BD008F0E5C /* Resources */ = {
			isa = PBXResourcesBuildPhase;
			buildActionMask = 2147483647;
			files = (
				21ECADC028630399008D946D /* Setup.storyboard in Resources */,
				0C510CB0285208A2008F0E5C /* .swiftlint.yml in Resources */,
				21ECADC828630C97008D946D /* DeliveryStatus.storyboard in Resources */,
				0C510CA42851DE49008F0E5C /* Secrets.plist in Resources */,
				0C510C7E285089BF008F0E5C /* LaunchScreen.storyboard in Resources */,
				218C58C628B391AA002A77AD /* SignIn.storyboard in Resources */,
				0C510C7B285089BF008F0E5C /* Assets.xcassets in Resources */,
			);
			runOnlyForDeploymentPostprocessing = 0;
		};
/* End PBXResourcesBuildPhase section */

/* Begin PBXShellScriptBuildPhase section */
		0C510CAC28520825008F0E5C /* SwiftLint */ = {
			isa = PBXShellScriptBuildPhase;
			buildActionMask = 2147483647;
			files = (
			);
			inputFileListPaths = (
			);
			inputPaths = (
			);
			name = SwiftLint;
			outputFileListPaths = (
			);
			outputPaths = (
			);
			runOnlyForDeploymentPostprocessing = 0;
			shellPath = /bin/sh;
			shellScript = "if which swiftlint > /dev/null; then\n    swiftlint --strict\nelse\n  echo \"warning: SwiftLint not installed, download from https://github.com/realm/SwiftLint\"\nfi\n";
		};
/* End PBXShellScriptBuildPhase section */

/* Begin PBXSourcesBuildPhase section */
		0C510C6A285089BD008F0E5C /* Sources */ = {
			isa = PBXSourcesBuildPhase;
			buildActionMask = 2147483647;
			files = (
				218C58C428B3919D002A77AD /* SignInViewController.swift in Sources */,
				21B282AD28BCBB5500278533 /* Request.swift in Sources */,
				21EB5D30287858F200669D45 /* KeyboardObserver.swift in Sources */,
				0C510CA22851DD86008F0E5C /* Environment.swift in Sources */,
				21ECADC528630541008D946D /* DeliveryStatusViewController.swift in Sources */,
				21B282C128BCF79A00278533 /* Method.swift in Sources */,
				21B282BF28BCE47900278533 /* OrderResponse.swift in Sources */,
				21784C42286DE003003E5FB0 /* LocationUpdateHistoryInteractor.swift in Sources */,
				21B282AF28BCBB6A00278533 /* Response.swift in Sources */,
				21ECADC928630C97008D946D /* DeliveryStatusViewModel.swift in Sources */,
				0C510CAB2851E306008F0E5C /* AATService.swift in Sources */,
				21B282B128BCBB8200278533 /* NetworkError.swift in Sources */,
				0C510C72285089BD008F0E5C /* AppDelegate.swift in Sources */,
				21B282B628BCD0A000278533 /* ActivityIndicating.swift in Sources */,
				21B282AB28BCBB0A00278533 /* SignInPresenter.swift in Sources */,
				21B282BB28BCD1BE00278533 /* UIView.swift in Sources */,
				21B282C328BCFA9A00278533 /* Accuracy.swift in Sources */,
				21B282B428BCC60100278533 /* MemoryStorage.swift in Sources */,
				21ECADC228630399008D946D /* SetupPresenter.swift in Sources */,
				21B282B928BCD10B00278533 /* ActivityIndicatorView.swift in Sources */,
				21ECADC128630399008D946D /* SetupViewController.swift in Sources */,
				0C510C74285089BD008F0E5C /* SceneDelegate.swift in Sources */,
			);
			runOnlyForDeploymentPostprocessing = 0;
		};
/* End PBXSourcesBuildPhase section */

/* Begin PBXVariantGroup section */
		0C510C7C285089BF008F0E5C /* LaunchScreen.storyboard */ = {
			isa = PBXVariantGroup;
			children = (
				0C510C7D285089BF008F0E5C /* Base */,
			);
			name = LaunchScreen.storyboard;
			sourceTree = "<group>";
		};
		21ECADBC28630399008D946D /* Setup.storyboard */ = {
			isa = PBXVariantGroup;
			children = (
				21ECADBD28630399008D946D /* Base */,
			);
			name = Setup.storyboard;
			sourceTree = "<group>";
		};
/* End PBXVariantGroup section */

/* Begin XCBuildConfiguration section */
		0C510C96285089BF008F0E5C /* Debug */ = {
			isa = XCBuildConfiguration;
			buildSettings = {
				ALWAYS_SEARCH_USER_PATHS = NO;
				CLANG_ANALYZER_NONNULL = YES;
				CLANG_ANALYZER_NUMBER_OBJECT_CONVERSION = YES_AGGRESSIVE;
				CLANG_CXX_LANGUAGE_STANDARD = "gnu++17";
				CLANG_ENABLE_MODULES = YES;
				CLANG_ENABLE_OBJC_ARC = YES;
				CLANG_ENABLE_OBJC_WEAK = YES;
				CLANG_WARN_BLOCK_CAPTURE_AUTORELEASING = YES;
				CLANG_WARN_BOOL_CONVERSION = YES;
				CLANG_WARN_COMMA = YES;
				CLANG_WARN_CONSTANT_CONVERSION = YES;
				CLANG_WARN_DEPRECATED_OBJC_IMPLEMENTATIONS = YES;
				CLANG_WARN_DIRECT_OBJC_ISA_USAGE = YES_ERROR;
				CLANG_WARN_DOCUMENTATION_COMMENTS = YES;
				CLANG_WARN_EMPTY_BODY = YES;
				CLANG_WARN_ENUM_CONVERSION = YES;
				CLANG_WARN_INFINITE_RECURSION = YES;
				CLANG_WARN_INT_CONVERSION = YES;
				CLANG_WARN_NON_LITERAL_NULL_CONVERSION = YES;
				CLANG_WARN_OBJC_IMPLICIT_RETAIN_SELF = YES;
				CLANG_WARN_OBJC_LITERAL_CONVERSION = YES;
				CLANG_WARN_OBJC_ROOT_CLASS = YES_ERROR;
				CLANG_WARN_QUOTED_INCLUDE_IN_FRAMEWORK_HEADER = YES;
				CLANG_WARN_RANGE_LOOP_ANALYSIS = YES;
				CLANG_WARN_STRICT_PROTOTYPES = YES;
				CLANG_WARN_SUSPICIOUS_MOVE = YES;
				CLANG_WARN_UNGUARDED_AVAILABILITY = YES_AGGRESSIVE;
				CLANG_WARN_UNREACHABLE_CODE = YES;
				CLANG_WARN__DUPLICATE_METHOD_MATCH = YES;
				COPY_PHASE_STRIP = NO;
				DEBUG_INFORMATION_FORMAT = dwarf;
				ENABLE_STRICT_OBJC_MSGSEND = YES;
				ENABLE_TESTABILITY = YES;
				GCC_C_LANGUAGE_STANDARD = gnu11;
				GCC_DYNAMIC_NO_PIC = NO;
				GCC_NO_COMMON_BLOCKS = YES;
				GCC_OPTIMIZATION_LEVEL = 0;
				GCC_PREPROCESSOR_DEFINITIONS = (
					"DEBUG=1",
					"$(inherited)",
				);
				GCC_WARN_64_TO_32_BIT_CONVERSION = YES;
				GCC_WARN_ABOUT_RETURN_TYPE = YES_ERROR;
				GCC_WARN_UNDECLARED_SELECTOR = YES;
				GCC_WARN_UNINITIALIZED_AUTOS = YES_AGGRESSIVE;
				GCC_WARN_UNUSED_FUNCTION = YES;
				GCC_WARN_UNUSED_VARIABLE = YES;
				IPHONEOS_DEPLOYMENT_TARGET = 14.0;
				MTL_ENABLE_DEBUG_INFO = INCLUDE_SOURCE;
				MTL_FAST_MATH = YES;
				ONLY_ACTIVE_ARCH = YES;
				SDKROOT = iphoneos;
				SWIFT_ACTIVE_COMPILATION_CONDITIONS = DEBUG;
				SWIFT_OPTIMIZATION_LEVEL = "-Onone";
			};
			name = Debug;
		};
		0C510C97285089BF008F0E5C /* Release */ = {
			isa = XCBuildConfiguration;
			buildSettings = {
				ALWAYS_SEARCH_USER_PATHS = NO;
				CLANG_ANALYZER_NONNULL = YES;
				CLANG_ANALYZER_NUMBER_OBJECT_CONVERSION = YES_AGGRESSIVE;
				CLANG_CXX_LANGUAGE_STANDARD = "gnu++17";
				CLANG_ENABLE_MODULES = YES;
				CLANG_ENABLE_OBJC_ARC = YES;
				CLANG_ENABLE_OBJC_WEAK = YES;
				CLANG_WARN_BLOCK_CAPTURE_AUTORELEASING = YES;
				CLANG_WARN_BOOL_CONVERSION = YES;
				CLANG_WARN_COMMA = YES;
				CLANG_WARN_CONSTANT_CONVERSION = YES;
				CLANG_WARN_DEPRECATED_OBJC_IMPLEMENTATIONS = YES;
				CLANG_WARN_DIRECT_OBJC_ISA_USAGE = YES_ERROR;
				CLANG_WARN_DOCUMENTATION_COMMENTS = YES;
				CLANG_WARN_EMPTY_BODY = YES;
				CLANG_WARN_ENUM_CONVERSION = YES;
				CLANG_WARN_INFINITE_RECURSION = YES;
				CLANG_WARN_INT_CONVERSION = YES;
				CLANG_WARN_NON_LITERAL_NULL_CONVERSION = YES;
				CLANG_WARN_OBJC_IMPLICIT_RETAIN_SELF = YES;
				CLANG_WARN_OBJC_LITERAL_CONVERSION = YES;
				CLANG_WARN_OBJC_ROOT_CLASS = YES_ERROR;
				CLANG_WARN_QUOTED_INCLUDE_IN_FRAMEWORK_HEADER = YES;
				CLANG_WARN_RANGE_LOOP_ANALYSIS = YES;
				CLANG_WARN_STRICT_PROTOTYPES = YES;
				CLANG_WARN_SUSPICIOUS_MOVE = YES;
				CLANG_WARN_UNGUARDED_AVAILABILITY = YES_AGGRESSIVE;
				CLANG_WARN_UNREACHABLE_CODE = YES;
				CLANG_WARN__DUPLICATE_METHOD_MATCH = YES;
				COPY_PHASE_STRIP = NO;
				DEBUG_INFORMATION_FORMAT = "dwarf-with-dsym";
				ENABLE_NS_ASSERTIONS = NO;
				ENABLE_STRICT_OBJC_MSGSEND = YES;
				GCC_C_LANGUAGE_STANDARD = gnu11;
				GCC_NO_COMMON_BLOCKS = YES;
				GCC_WARN_64_TO_32_BIT_CONVERSION = YES;
				GCC_WARN_ABOUT_RETURN_TYPE = YES_ERROR;
				GCC_WARN_UNDECLARED_SELECTOR = YES;
				GCC_WARN_UNINITIALIZED_AUTOS = YES_AGGRESSIVE;
				GCC_WARN_UNUSED_FUNCTION = YES;
				GCC_WARN_UNUSED_VARIABLE = YES;
				IPHONEOS_DEPLOYMENT_TARGET = 14.0;
				MTL_ENABLE_DEBUG_INFO = NO;
				MTL_FAST_MATH = YES;
				SDKROOT = iphoneos;
				SWIFT_COMPILATION_MODE = wholemodule;
				SWIFT_OPTIMIZATION_LEVEL = "-O";
				VALIDATE_PRODUCT = YES;
			};
			name = Release;
		};
		0C510C99285089BF008F0E5C /* Debug */ = {
			isa = XCBuildConfiguration;
			buildSettings = {
				ASSETCATALOG_COMPILER_APPICON_NAME = AppIcon;
				ASSETCATALOG_COMPILER_GLOBAL_ACCENT_COLOR_NAME = AccentColor;
				CODE_SIGN_STYLE = Automatic;
				CURRENT_PROJECT_VERSION = 5;
				DEVELOPMENT_TEAM = XXY98AVDR6;
				GENERATE_INFOPLIST_FILE = YES;
				INFOPLIST_FILE = "Customer Demo/Info.plist";
				INFOPLIST_KEY_NSLocationWhenInUseUsageDescription = "We need to know your location to show your own location on a map";
				INFOPLIST_KEY_UIApplicationSupportsIndirectInputEvents = YES;
				INFOPLIST_KEY_UILaunchStoryboardName = LaunchScreen;
				INFOPLIST_KEY_UIMainStoryboardFile = SignIn;
				INFOPLIST_KEY_UISupportedInterfaceOrientations = UIInterfaceOrientationPortrait;
				LD_RUNPATH_SEARCH_PATHS = (
					"$(inherited)",
					"@executable_path/Frameworks",
				);
				MARKETING_VERSION = 0.0.1;
				PRODUCT_BUNDLE_IDENTIFIER = com.ably.tracking.demos.customerapp;
				PRODUCT_NAME = "$(TARGET_NAME)";
				SWIFT_EMIT_LOC_STRINGS = YES;
				SWIFT_VERSION = 5.0;
				TARGETED_DEVICE_FAMILY = 1;
			};
			name = Debug;
		};
		0C510C9A285089BF008F0E5C /* Release */ = {
			isa = XCBuildConfiguration;
			buildSettings = {
				ASSETCATALOG_COMPILER_APPICON_NAME = AppIcon;
				ASSETCATALOG_COMPILER_GLOBAL_ACCENT_COLOR_NAME = AccentColor;
				CODE_SIGN_STYLE = Automatic;
				CURRENT_PROJECT_VERSION = 5;
				DEVELOPMENT_TEAM = XXY98AVDR6;
				GENERATE_INFOPLIST_FILE = YES;
				INFOPLIST_FILE = "Customer Demo/Info.plist";
				INFOPLIST_KEY_NSLocationWhenInUseUsageDescription = "We need to know your location to show your own location on a map";
				INFOPLIST_KEY_UIApplicationSupportsIndirectInputEvents = YES;
				INFOPLIST_KEY_UILaunchStoryboardName = LaunchScreen;
				INFOPLIST_KEY_UIMainStoryboardFile = SignIn;
				INFOPLIST_KEY_UISupportedInterfaceOrientations = UIInterfaceOrientationPortrait;
				LD_RUNPATH_SEARCH_PATHS = (
					"$(inherited)",
					"@executable_path/Frameworks",
				);
				MARKETING_VERSION = 0.0.1;
				PRODUCT_BUNDLE_IDENTIFIER = com.ably.tracking.demos.customerapp;
				PRODUCT_NAME = "$(TARGET_NAME)";
				SWIFT_EMIT_LOC_STRINGS = YES;
				SWIFT_VERSION = 5.0;
				TARGETED_DEVICE_FAMILY = 1;
			};
			name = Release;
		};
/* End XCBuildConfiguration section */

/* Begin XCConfigurationList section */
		0C510C69285089BD008F0E5C /* Build configuration list for PBXProject "Customer Demo" */ = {
			isa = XCConfigurationList;
			buildConfigurations = (
				0C510C96285089BF008F0E5C /* Debug */,
				0C510C97285089BF008F0E5C /* Release */,
			);
			defaultConfigurationIsVisible = 0;
			defaultConfigurationName = Release;
		};
		0C510C98285089BF008F0E5C /* Build configuration list for PBXNativeTarget "Customer Demo" */ = {
			isa = XCConfigurationList;
			buildConfigurations = (
				0C510C99285089BF008F0E5C /* Debug */,
				0C510C9A285089BF008F0E5C /* Release */,
			);
			defaultConfigurationIsVisible = 0;
			defaultConfigurationName = Release;
		};
/* End XCConfigurationList section */

/* Begin XCRemoteSwiftPackageReference section */
		0C510CA62851E1AE008F0E5C /* XCRemoteSwiftPackageReference "ably-asset-tracking-swift" */ = {
			isa = XCRemoteSwiftPackageReference;
			repositoryURL = "https://github.com/ably/ably-asset-tracking-swift";
			requirement = {
				branch = main;
				kind = branch;
			};
		};
/* End XCRemoteSwiftPackageReference section */

/* Begin XCSwiftPackageProductDependency section */
		0C510CA72851E1AE008F0E5C /* AblyAssetTrackingSubscriber */ = {
			isa = XCSwiftPackageProductDependency;
			package = 0C510CA62851E1AE008F0E5C /* XCRemoteSwiftPackageReference "ably-asset-tracking-swift" */;
			productName = AblyAssetTrackingSubscriber;
		};
/* End XCSwiftPackageProductDependency section */
	};
	rootObject = 0C510C66285089BD008F0E5C /* Project object */;
}
